
Microsoft Visual Studio Solution File, Format Version 12.00
# Visual Studio Version 17
VisualStudioVersion = 17.14.36518.9 d17.14
MinimumVisualStudioVersion = 10.0.40219.1
Project("{FAE04EC0-301F-11D3-BF4B-00C04F79EFBC}") = "Messenger", "Messenger\Messenger.csproj", "{5714D84E-274D-441C-B791-801B64D4228B}"
EndProject
Global
	GlobalSection(SolutionConfigurationPlatforms) = preSolution
		Debug|Any CPU = Debug|Any CPU
		Release|Any CPU = Release|Any CPU
	EndGlobalSection
	GlobalSection(ProjectConfigurationPlatforms) = postSolution
		{5714D84E-274D-441C-B791-801B64D4228B}.Debug|Any CPU.ActiveCfg = Debug|Any CPU
		{5714D84E-274D-441C-B791-801B64D4228B}.Debug|Any CPU.Build.0 = Debug|Any CPU
		{5714D84E-274D-441C-B791-801B64D4228B}.Release|Any CPU.ActiveCfg = Release|Any CPU
		{5714D84E-274D-441C-B791-801B64D4228B}.Release|Any CPU.Build.0 = Release|Any CPU
	EndGlobalSection
	GlobalSection(SolutionProperties) = preSolution
		HideSolutionNode = FALSE
	EndGlobalSection
	GlobalSection(ExtensibilityGlobals) = postSolution
		SolutionGuid = {DE4F8AA2-5229-40C0-8724-9B6DBA1CDE9E}
	EndGlobalSection
EndGlobal
